
Microsoft Visual Studio Solution File, Format Version 12.00
# Visual Studio 15
VisualStudioVersion = 15.0.28307.645
MinimumVisualStudioVersion = 10.0.40219.1
Project("{FAE04EC0-301F-11D3-BF4B-00C04F79EFBC}") = "ChallengeC", "ChallengeC\ChallengeC.csproj", "{659A78B8-775B-4371-8F4B-EE28EBEB9AC1}"
EndProject
Global
	GlobalSection(SolutionConfigurationPlatforms) = preSolution
		Debug|Any CPU = Debug|Any CPU
		Release|Any CPU = Release|Any CPU
	EndGlobalSection
	GlobalSection(ProjectConfigurationPlatforms) = postSolution
		{659A78B8-775B-4371-8F4B-EE28EBEB9AC1}.Debug|Any CPU.ActiveCfg = Debug|Any CPU
		{659A78B8-775B-4371-8F4B-EE28EBEB9AC1}.Debug|Any CPU.Build.0 = Debug|Any CPU
		{659A78B8-775B-4371-8F4B-EE28EBEB9AC1}.Release|Any CPU.ActiveCfg = Release|Any CPU
		{659A78B8-775B-4371-8F4B-EE28EBEB9AC1}.Release|Any CPU.Build.0 = Release|Any CPU
	EndGlobalSection
	GlobalSection(SolutionProperties) = preSolution
		HideSolutionNode = FALSE
	EndGlobalSection
	GlobalSection(ExtensibilityGlobals) = postSolution
		SolutionGuid = {C355E766-AFC7-4BEE-8364-EF26F366DED3}
	EndGlobalSection
EndGlobal
